PODS:
  - CocoaLumberjack (3.9.0):
    - CocoaLumberjack/Core (= 3.9.0)
  - CocoaLumberjack/Core (3.9.0)
  - cupertino_native_better (0.0.1):
    - Flutter
    - SVGKit (~> 3.0)
  - Flutter (1.0.0)
  - image_cropper (0.0.4):
    - Flutter
    - TOCropViewController (~> 2.8.0)
  - image_picker_ios (0.0.1):
    - Flutter
  - in_app_review (2.0.0):
    - Flutter
  - share_plus (0.0.1):
    - Flutter
  - shared_preferences_foundation (0.0.1):
    - Flutter
    - FlutterMacOS
  - sqflite_darwin (0.0.4):
    - Flutter
    - FlutterMacOS
  - SVGKit (3.0.0):
    - CocoaLumberjack (~> 3.0)
  - TOCropViewController (2.8.0)
  - url_launcher_ios (0.0.1):
    - Flutter

DEPENDENCIES:
  - cupertino_native_better (from `.symlinks/plugins/cupertino_native_better/ios`)
  - Flutter (from `Flutter`)
  - image_cropper (from `.symlinks/plugins/image_cropper/ios`)
  - image_picker_ios (from `.symlinks/plugins/image_picker_ios/ios`)
  - in_app_review (from `.symlinks/plugins/in_app_review/ios`)
  - share_plus (from `.symlinks/plugins/share_plus/ios`)
  - shared_preferences_foundation (from `.symlinks/plugins/shared_preferences_foundation/darwin`)
  - sqflite_darwin (from `.symlinks/plugins/sqflite_darwin/darwin`)
  - url_launcher_ios (from `.symlinks/plugins/url_launcher_ios/ios`)

SPEC REPOS:
  trunk:
    - CocoaLumberjack
    - SVGKit
    - TOCropViewController

EXTERNAL SOURCES:
  cupertino_native_better:
    :path: ".symlinks/plugins/cupertino_native_better/ios"
  Flutter:
    :path: Flutter
  image_cropper:
    :path: ".symlinks/plugins/image_cropper/ios"
  image_picker_ios:
    :path: ".symlinks/plugins/image_picker_ios/ios"
  in_app_review:
    :path: ".symlinks/plugins/in_app_review/ios"
  share_plus:
    :path: ".symlinks/plugins/share_plus/ios"
  shared_preferences_foundation:
    :path: ".symlinks/plugins/shared_preferences_foundation/darwin"
  sqflite_darwin:
    :path: ".symlinks/plugins/sqflite_darwin/darwin"
  url_launcher_ios:
    :path: ".symlinks/plugins/url_launcher_ios/ios"

SPEC CHECKSUMS:
  CocoaLumberjack: 5644158777912b7de7469fa881f8a3f259c2512a
  cupertino_native_better: 1548ee565186534a34a406bf56b7c49510485844
  Flutter: cabc95a1d2626b1b06e7179b784ebcf0c0cde467
  image_cropper: 64567491beea6cd1bc4b11948e2babb590de5826
  image_picker_ios: e0ece4aa2a75771a7de3fa735d26d90817041326
  in_app_review: 7dd1ea365263f834b8464673f9df72c80c17c937
  share_plus: 50da8cb520a8f0f65671c6c6a99b3617ed10a58a
  shared_preferences_foundation: 7036424c3d8ec98dfe75ff1667cb0cd531ec82bb
  sqflite_darwin: 20b2a3a3b70e43edae938624ce550a3cbf66a3d0
  SVGKit: 1ad7513f8c74d9652f94ed64ddecda1a23864dea
  TOCropViewController: 797deaf39c90e6e9ddd848d88817f6b9a8a09888
  url_launcher_ios: 7a95fa5b60cc718a708b8f2966718e93db0cef1b

PODFILE CHECKSUM: ce2a4dd764e1c7aeed6a7cdc5e61d092b6dc6d32

COCOAPODS: 1.16.2
